<?xml version="1.0" encoding="utf-8"?>
<Project ToolsVersion="4.0" xmlns="http://schemas.microsoft.com/developer/msbuild/2003">
  <ItemGroup>
    <Filter Include="Source Files">
      <UniqueIdentifier>{4FC737F1-C7A5-4376-A066-2A32D752A2FF}</UniqueIdentifier>
      <Extensions>cpp;c;cc;cxx;c++;def;odl;idl;hpj;bat;asm;asmx</Extensions>
    </Filter>
    <Filter Include="Header Files">
      <UniqueIdentifier>{93995380-89BD-4b04-88EB-625FBE52EBFB}</UniqueIdentifier>
      <Extensions>h;hh;hpp;hxx;h++;hm;inl;inc;ipp;xsd</Extensions>
    </Filter>
    <Filter Include="Resource Files">
      <UniqueIdentifier>{67DA6AB6-F800-4c08-8B7A-83BB121AAD01}</UniqueIdentifier>
      <Extensions>rc;ico;cur;bmp;dlg;rc2;rct;bin;rgs;gif;jpg;jpeg;jpe;resx;tiff;tif;png;wav;mfcribbon-ms</Extensions>
    </Filter>
  </ItemGroup>
  <ItemGroup>
    <ClCompile Include="testing\src\addNodeTest.c">
      <Filter>Source Files</Filter>
    </ClCompile>
    <ClCompile Include="testing\src\addTest.c">
      <Filter>Source Files</Filter>
    </ClCompile>
    <ClCompile Include="testing\src\clearTest.c">
      <Filter>Source Files</Filter>
    </ClCompile>
    <ClCompile Include="testing\src\cloneTest.c">
      <Filter>Source Files</Filter>
    </ClCompile>
    <ClCompile Include="testing\src\containsAllTest.c">
      <Filter>Source Files</Filter>
    </ClCompile>
    <ClCompile Include="testing\src\containsTest.c">
      <Filter>Source Files</Filter>
    </ClCompile>
    <ClCompile Include="testing\src\deleteLinkedListTest.c">
      <Filter>Source Files</Filter>
    </ClCompile>
    <ClCompile Include="testing\src\Employee.c">
      <Filter>Source Files</Filter>
    </ClCompile>
    <ClCompile Include="testing\src\getNodeTest.c">
      <Filter>Source Files</Filter>
    </ClCompile>
    <ClCompile Include="testing\src\getTest.c">
      <Filter>Source Files</Filter>
    </ClCompile>
    <ClCompile Include="testing\src\indexOfTest.c">
      <Filter>Source Files</Filter>
    </ClCompile>
    <ClCompile Include="testing\src\isEmptyTest.c">
      <Filter>Source Files</Filter>
    </ClCompile>
    <ClCompile Include="testing\src\lenTest.c">
      <Filter>Source Files</Filter>
    </ClCompile>
    <ClCompile Include="testing\src\main_test.c">
      <Filter>Source Files</Filter>
    </ClCompile>
    <ClCompile Include="testing\src\newTest.c">
      <Filter>Source Files</Filter>
    </ClCompile>
    <ClCompile Include="testing\src\popTest.c">
      <Filter>Source Files</Filter>
    </ClCompile>
    <ClCompile Include="testing\src\pushTest.c">
      <Filter>Source Files</Filter>
    </ClCompile>
    <ClCompile Include="testing\src\removeTest.c">
      <Filter>Source Files</Filter>
    </ClCompile>
    <ClCompile Include="testing\src\setTest.c">
      <Filter>Source Files</Filter>
    </ClCompile>
    <ClCompile Include="testing\src\sortTest.c">
      <Filter>Source Files</Filter>
    </ClCompile>
    <ClCompile Include="testing\src\subListTest.c">
      <Filter>Source Files</Filter>
    </ClCompile>
    <ClCompile Include="testing\utest.c">
      <Filter>Source Files</Filter>
    </ClCompile>
    <ClCompile Include="src\LinkedList.c">
      <Filter>Source Files</Filter>
    </ClCompile>
    <ClCompile Include="src\main.c">
      <Filter>Source Files</Filter>
    </ClCompile>
  </ItemGroup>
  <ItemGroup>
    <ClInclude Include="testing\utest.h">
      <Filter>Header Files</Filter>
    </ClInclude>
    <ClInclude Include="testing\inc\addNodeTest.h">
      <Filter>Header Files</Filter>
    </ClInclude>
    <ClInclude Include="testing\inc\addTest.h">
      <Filter>Header Files</Filter>
    </ClInclude>
    <ClInclude Include="testing\inc\clearTest.h">
      <Filter>Header Files</Filter>
    </ClInclude>
    <ClInclude Include="testing\inc\cloneTest.h">
      <Filter>Header Files</Filter>
    </ClInclude>
    <ClInclude Include="testing\inc\containsAllTest.h">
      <Filter>Header Files</Filter>
    </ClInclude>
    <ClInclude Include="testing\inc\containsTest.h">
      <Filter>Header Files</Filter>
    </ClInclude>
    <ClInclude Include="testing\inc\deleteLinkedListTest.h">
      <Filter>Header Files</Filter>
    </ClInclude>
    <ClInclude Include="testing\inc\Employee.h">
      <Filter>Header Files</Filter>
    </ClInclude>
    <ClInclude Include="testing\inc\getNodeTest.h">
      <Filter>Header Files</Filter>
    </ClInclude>
    <ClInclude Include="testing\inc\getTest.h">
      <Filter>Header Files</Filter>
    </ClInclude>
    <ClInclude Include="testing\inc\indexOfTest.h">
      <Filter>Header Files</Filter>
    </ClInclude>
    <ClInclude Include="testing\inc\isEmptyTest.h">
      <Filter>Header Files</Filter>
    </ClInclude>
    <ClInclude Include="testing\inc\lenTest.h">
      <Filter>Header Files</Filter>
    </ClInclude>
    <ClInclude Include="testing\inc\main_test.h">
      <Filter>Header Files</Filter>
    </ClInclude>
    <ClInclude Include="testing\inc\newTest.h">
      <Filter>Header Files</Filter>
    </ClInclude>
    <ClInclude Include="testing\inc\popTest.h">
      <Filter>Header Files</Filter>
    </ClInclude>
    <ClInclude Include="testing\inc\pushTest.h">
      <Filter>Header Files</Filter>
    </ClInclude>
    <ClInclude Include="testing\inc\removeTest.h">
      <Filter>Header Files</Filter>
    </ClInclude>
    <ClInclude Include="testing\inc\setTest.h">
      <Filter>Header Files</Filter>
    </ClInclude>
    <ClInclude Include="testing\inc\sortTest.h">
      <Filter>Header Files</Filter>
    </ClInclude>
    <ClInclude Include="testing\inc\subListTest.h">
      <Filter>Header Files</Filter>
    </ClInclude>
    <ClInclude Include="inc\LinkedList.h">
      <Filter>Header Files</Filter>
    </ClInclude>
  </ItemGroup>
</Project>